
Microsoft Visual Studio Solution File, Format Version 12.00
# Visual Studio Version 16
VisualStudioVersion = 16.0.29123.88
MinimumVisualStudioVersion = 10.0.40219.1
Project("{9A19103F-16F7-4668-BE54-9A1E7A4F7556}") = "TrackerLibrary", "TrackerLibrary\TrackerLibrary.csproj", "{F14C9B7C-BDD8-40B5-96B0-8231A55041FE}"
EndProject
Project("{FAE04EC0-301F-11D3-BF4B-00C04F79EFBC}") = "TrackerUI", "TrackerUI\TrackerUI.csproj", "{BFC424C3-75B1-46EA-BC58-F69463A825BB}"
EndProject
Global
	GlobalSection(SolutionConfigurationPlatforms) = preSolution
		Debug|Any CPU = Debug|Any CPU
		Release|Any CPU = Release|Any CPU
	EndGlobalSection
	GlobalSection(ProjectConfigurationPlatforms) = postSolution
		{F14C9B7C-BDD8-40B5-96B0-8231A55041FE}.Debug|Any CPU.ActiveCfg = Debug|Any CPU
		{F14C9B7C-BDD8-40B5-96B0-8231A55041FE}.Debug|Any CPU.Build.0 = Debug|Any CPU
		{F14C9B7C-BDD8-40B5-96B0-8231A55041FE}.Release|Any CPU.ActiveCfg = Release|Any CPU
		{F14C9B7C-BDD8-40B5-96B0-8231A55041FE}.Release|Any CPU.Build.0 = Release|Any CPU
		{BFC424C3-75B1-46EA-BC58-F69463A825BB}.Debug|Any CPU.ActiveCfg = Debug|Any CPU
		{BFC424C3-75B1-46EA-BC58-F69463A825BB}.Debug|Any CPU.Build.0 = Debug|Any CPU
		{BFC424C3-75B1-46EA-BC58-F69463A825BB}.Release|Any CPU.ActiveCfg = Release|Any CPU
		{BFC424C3-75B1-46EA-BC58-F69463A825BB}.Release|Any CPU.Build.0 = Release|Any CPU
	EndGlobalSection
	GlobalSection(SolutionProperties) = preSolution
		HideSolutionNode = FALSE
	EndGlobalSection
	GlobalSection(ExtensibilityGlobals) = postSolution
		SolutionGuid = {DBF3B5AA-7A08-444C-851A-DCB0936D3076}
	EndGlobalSection
EndGlobal
